{
  "001_create_tables.sql": "bfe453b28af3ec8a22d9601e6c876e884b55a9aace2e27c02cd0a68bfe715bfc",
  "002_add_password_to_users.sql": "5585f122f98432901dbc96261260f9d37b700458881911f22042d368233b9ed5",
  "003_create_session_table.sql": "5030a2b7e192d02c4914899d944aec17ac712f9ef3d69c7efa56df1d28774561",
  "004_add_username_index.sql": "f8ac1c688f668467ed55a0a54988a1df709df6b0726ac8297937b4f168fbdd8a",
  "005_create_profile_table.sql": "e09b602aa31e48bae009dd42efdca8efb27565de1e319b1fd27440fd91a3f1bd",
  "006_add_profile_setup_to_users.sql": "8d8c3e66fa4ea4b4b5dd7a4dd477bfe9edd5492415c62dcb1288fc9afc00a156",
  "007_create_tags_table.sql": "46bf31b44223df3d9cf2ee908070545ee2010bd8595e63aae23767516d10048b",
  "008_add_pictures_table.sql": "2fd1231c9929030191a6d5163ac9b6f605cd53d562cba1c74c79d42d244d7bbc",
  "009_add_unique_pictures.sql": "90e55545f447f6394dd1e6a4857a4e8e3d993e145313c30c82c85c90cc9c62da",
  "010_email_verif.sql": "daa936c3a10e4bdd6671203d7ed53c15f1e03985cb4efd75c0b208663084d12f",
  "011_reset_pswd.sql": "024364b9b8991009f9112376d7546fb2a1f2a360db92b3a91a6f0a814007ff3e",
  "012_add_profile_visit_table.sql": "a58236b4bebde017678f9cba4ede881d09b71403c62a9c598ad0c0d85f4c107b",
  "013_add_connection_repository.sql": "90c7c6f95c210e84a3deeb07851646444f08e61b5ea4f81530fa1ee8cfceed32",
  "014_add_age_profile_info.sql": "aa2daf7f9fca662fd01829817e7ac7e4b0086828b1b237be245c9dcafec974c3",
  "015_drop_picture_id_column.sql": "7d7bb15cf06278f0e1354edb6f4e3466e0bf48e229548ae1ac2ba4f4ea483ec1",
  "016_add_chat_table.sql": "d8090be8dc87778b00e8eedd8271218fd50adfca05fb1102a3d3f2586b938f87",
  "016_add_location.sql": "20531da72d17003c4c069d334f0721261f3870284a29c5f7ccddafe496e21ae6",
  "017_add_block_table.sql": "7645caf5bca067ba27d50e4838c46d68fd32c25d951cec3fefae8c5966cfe570"
}